  <div class="container">
        <form method="POST" action="">
            <h2>Calcule aqui</h2>
            <input type="text" name="a" placeholder="Digite o primeiro número" required><br>
            <input type="text" name="b" placeholder="Digite o segundo número" required><br>

            <select name="operacao" required>
                <option value="soma">Somar</option>
                <option value="subtracao">Subtrair</option>
                <option value="multiplicacao">Multiplicar</option>
                <option value="divisao">Dividir</option>
            </select><br>

            <button type="submit">Calcular</button>

            <?php if ($resultado !== ""): ?>
                <div class="resultado">Resultado: <?= $resultado ?></div>
                <a href="index.php" class="retornar">Voltar</a>
            <?php endif; ?>
        </form>
